
Microsoft Visual Studio Solution File, Format Version 12.00
# Visual Studio Version 16
VisualStudioVersion = 16.0.30804.86
MinimumVisualStudioVersion = 10.0.40219.1
Project("{9A19103F-16F7-4668-BE54-9A1E7A4F7556}") = "App.RLB.Infra.Data", "App.RLB.Infra.Data\App.RLB.Infra.Data.csproj", "{638A5741-E382-47BE-B3A3-B47F796B61C3}"
EndProject
Project("{9A19103F-16F7-4668-BE54-9A1E7A4F7556}") = "App.RLB.Application", "App.RLB.Application\App.RLB.Application.csproj", "{ACA597F5-4728-4F92-822A-045FE23759AA}"
EndProject
Project("{FAE04EC0-301F-11D3-BF4B-00C04F79EFBC}") = "App.RLB.Domain", "App.RLB.Domain\App.RLB.Domain.csproj", "{22CD599D-D4C9-480A-A662-472698611E7B}"
EndProject
Project("{FAE04EC0-301F-11D3-BF4B-00C04F79EFBC}") = "App.RLB.WebAPI", "App.RLB.WebAPI\App.RLB.WebAPI.csproj", "{C3834739-D62F-42A3-B218-2B6D3CC6DED2}"
EndProject
Project("{FAE04EC0-301F-11D3-BF4B-00C04F79EFBC}") = "App.Infra.IoC", "App.Infra.IoC\App.Infra.IoC.csproj", "{6DEBE900-891F-4802-A5FA-D6CCEA0299ED}"
EndProject
Global
	GlobalSection(SolutionConfigurationPlatforms) = preSolution
		Debug|Any CPU = Debug|Any CPU
		Release|Any CPU = Release|Any CPU
	EndGlobalSection
	GlobalSection(ProjectConfigurationPlatforms) = postSolution
		{638A5741-E382-47BE-B3A3-B47F796B61C3}.Debug|Any CPU.ActiveCfg = Debug|Any CPU
		{638A5741-E382-47BE-B3A3-B47F796B61C3}.Debug|Any CPU.Build.0 = Debug|Any CPU
		{638A5741-E382-47BE-B3A3-B47F796B61C3}.Release|Any CPU.ActiveCfg = Release|Any CPU
		{638A5741-E382-47BE-B3A3-B47F796B61C3}.Release|Any CPU.Build.0 = Release|Any CPU
		{ACA597F5-4728-4F92-822A-045FE23759AA}.Debug|Any CPU.ActiveCfg = Debug|Any CPU
		{ACA597F5-4728-4F92-822A-045FE23759AA}.Debug|Any CPU.Build.0 = Debug|Any CPU
		{ACA597F5-4728-4F92-822A-045FE23759AA}.Release|Any CPU.ActiveCfg = Release|Any CPU
		{ACA597F5-4728-4F92-822A-045FE23759AA}.Release|Any CPU.Build.0 = Release|Any CPU
		{22CD599D-D4C9-480A-A662-472698611E7B}.Debug|Any CPU.ActiveCfg = Debug|Any CPU
		{22CD599D-D4C9-480A-A662-472698611E7B}.Debug|Any CPU.Build.0 = Debug|Any CPU
		{22CD599D-D4C9-480A-A662-472698611E7B}.Release|Any CPU.ActiveCfg = Release|Any CPU
		{22CD599D-D4C9-480A-A662-472698611E7B}.Release|Any CPU.Build.0 = Release|Any CPU
		{C3834739-D62F-42A3-B218-2B6D3CC6DED2}.Debug|Any CPU.ActiveCfg = Debug|Any CPU
		{C3834739-D62F-42A3-B218-2B6D3CC6DED2}.Debug|Any CPU.Build.0 = Debug|Any CPU
		{C3834739-D62F-42A3-B218-2B6D3CC6DED2}.Release|Any CPU.ActiveCfg = Release|Any CPU
		{C3834739-D62F-42A3-B218-2B6D3CC6DED2}.Release|Any CPU.Build.0 = Release|Any CPU
		{6DEBE900-891F-4802-A5FA-D6CCEA0299ED}.Debug|Any CPU.ActiveCfg = Debug|Any CPU
		{6DEBE900-891F-4802-A5FA-D6CCEA0299ED}.Debug|Any CPU.Build.0 = Debug|Any CPU
		{6DEBE900-891F-4802-A5FA-D6CCEA0299ED}.Release|Any CPU.ActiveCfg = Release|Any CPU
		{6DEBE900-891F-4802-A5FA-D6CCEA0299ED}.Release|Any CPU.Build.0 = Release|Any CPU
	EndGlobalSection
	GlobalSection(SolutionProperties) = preSolution
		HideSolutionNode = FALSE
	EndGlobalSection
	GlobalSection(ExtensibilityGlobals) = postSolution
		SolutionGuid = {B240FDD3-CC86-4069-AB9A-0A3F156CA422}
	EndGlobalSection
EndGlobal
